
Microsoft Visual Studio Solution File, Format Version 12.00
# Visual Studio Version 17
VisualStudioVersion = 17.11.35312.102
MinimumVisualStudioVersion = 10.0.40219.1
Project("{9A19103F-16F7-4668-BE54-9A1E7A4F7556}") = "ConsoleAsciiprogram", "ExampleProject\ConsoleAsciiprogram.csproj", "{D96FCAD2-B44F-4797-8A4C-F19E9ACA8766}"
EndProject
Global
	GlobalSection(SolutionConfigurationPlatforms) = preSolution
		Debug|Any CPU = Debug|Any CPU
		Release|Any CPU = Release|Any CPU
	EndGlobalSection
	GlobalSection(ProjectConfigurationPlatforms) = postSolution
		{D96FCAD2-B44F-4797-8A4C-F19E9ACA8766}.Debug|Any CPU.ActiveCfg = Debug|Any CPU
		{D96FCAD2-B44F-4797-8A4C-F19E9ACA8766}.Debug|Any CPU.Build.0 = Debug|Any CPU
		{D96FCAD2-B44F-4797-8A4C-F19E9ACA8766}.Release|Any CPU.ActiveCfg = Release|Any CPU
		{D96FCAD2-B44F-4797-8A4C-F19E9ACA8766}.Release|Any CPU.Build.0 = Release|Any CPU
	EndGlobalSection
	GlobalSection(SolutionProperties) = preSolution
		HideSolutionNode = FALSE
	EndGlobalSection
	GlobalSection(ExtensibilityGlobals) = postSolution
		SolutionGuid = {BFA40827-FA76-4786-B423-1C575FF36187}
	EndGlobalSection
EndGlobal
